
Microsoft Visual Studio Solution File, Format Version 12.00
# Visual Studio Version 16
VisualStudioVersion = 16.0.30225.117
MinimumVisualStudioVersion = 10.0.40219.1
Project("{FAE04EC0-301F-11D3-BF4B-00C04F79EFBC}") = "WpfMvvmLearn", "WpfMvvmLearn.csproj", "{2541BF84-E3B0-45EC-912A-8908AEE23559}"
EndProject
Global
	GlobalSection(SolutionConfigurationPlatforms) = preSolution
		Debug|Any CPU = Debug|Any CPU
		Release|Any CPU = Release|Any CPU
	EndGlobalSection
	GlobalSection(ProjectConfigurationPlatforms) = postSolution
		{2541BF84-E3B0-45EC-912A-8908AEE23559}.Debug|Any CPU.ActiveCfg = Debug|Any CPU
		{2541BF84-E3B0-45EC-912A-8908AEE23559}.Debug|Any CPU.Build.0 = Debug|Any CPU
		{2541BF84-E3B0-45EC-912A-8908AEE23559}.Release|Any CPU.ActiveCfg = Release|Any CPU
		{2541BF84-E3B0-45EC-912A-8908AEE23559}.Release|Any CPU.Build.0 = Release|Any CPU
	EndGlobalSection
	GlobalSection(SolutionProperties) = preSolution
		HideSolutionNode = FALSE
	EndGlobalSection
	GlobalSection(ExtensibilityGlobals) = postSolution
		SolutionGuid = {4E6421CB-C62F-4486-87E2-E27E06666B48}
	EndGlobalSection
EndGlobal
